{
  "name": "@nobugzzz/sum",
  "version": "0.0.1",
  "lockfileVersion": 2,
  "requires": true,
  "packages": {
    "": {
      "name": "@nobugzzz/sum",
      "version": "0.0.1",
      "license": "ISC",
      "dependencies": {
        "@nobugzzz/sum": "^0.0.1"
      }
    },
    "node_modules/@nobugzzz/sum": {
      "version": "0.0.1",
      "resolved": "https://registry.npmjs.org/@nobugzzz/sum/-/sum-0.0.1.tgz",
      "integrity": "sha512-ZpJh4nrfg6YuAsIfKD5+/e2ezORue77TAN69MgKUDCROazHkWDEg2XCSqahi/fXC6dgT5KyBafoKBm//mTtYNw=="
    }
  },
  "dependencies": {
    "@nobugzzz/sum": {
      "version": "0.0.1",
      "resolved": "https://registry.npmjs.org/@nobugzzz/sum/-/sum-0.0.1.tgz",
      "integrity": "sha512-ZpJh4nrfg6YuAsIfKD5+/e2ezORue77TAN69MgKUDCROazHkWDEg2XCSqahi/fXC6dgT5KyBafoKBm//mTtYNw=="
    }
  }
}
